
Microsoft Visual Studio Solution File, Format Version 12.00
# Visual Studio 15
VisualStudioVersion = 15.0.26430.15
MinimumVisualStudioVersion = 10.0.40219.1
Project("{FAE04EC0-301F-11D3-BF4B-00C04F79EFBC}") = "FPLTournament", "FPLTournament\FPLTournament.csproj", "{1F135E4C-C1F9-4FB5-A447-4B016C34BD34}"
EndProject
Global
	GlobalSection(SolutionConfigurationPlatforms) = preSolution
		Debug|Any CPU = Debug|Any CPU
		Release|Any CPU = Release|Any CPU
	EndGlobalSection
	GlobalSection(ProjectConfigurationPlatforms) = postSolution
		{1F135E4C-C1F9-4FB5-A447-4B016C34BD34}.Debug|Any CPU.ActiveCfg = Debug|Any CPU
		{1F135E4C-C1F9-4FB5-A447-4B016C34BD34}.Debug|Any CPU.Build.0 = Debug|Any CPU
		{1F135E4C-C1F9-4FB5-A447-4B016C34BD34}.Release|Any CPU.ActiveCfg = Release|Any CPU
		{1F135E4C-C1F9-4FB5-A447-4B016C34BD34}.Release|Any CPU.Build.0 = Release|Any CPU
	EndGlobalSection
	GlobalSection(SolutionProperties) = preSolution
		HideSolutionNode = FALSE
	EndGlobalSection
EndGlobal
